# This file is automatically @generated by Cargo.
# It is not intended for manual editing.
version = 4

[[package]]
name = "geode-core"
version = "0.1.0"

[[package]]
name = "geode-data"
version = "0.1.0"
dependencies = [
 "geode-core",
]

[[package]]
name = "geode-shell"
version = "0.1.0"
dependencies = [
 "geode-core",
]
